<?xml version="1.0" encoding="utf-8"?>
<Project ToolsVersion="4.0" xmlns="http://schemas.microsoft.com/developer/msbuild/2003">
  <ItemGroup>
    <Filter Include="Source Files">
      <UniqueIdentifier>{4FC737F1-C7A5-4376-A066-2A32D752A2FF}</UniqueIdentifier>
      <Extensions>cpp;c;cc;cxx;def;odl;idl;hpj;bat;asm;asmx</Extensions>
    </Filter>
    <Filter Include="Header Files">
      <UniqueIdentifier>{93995380-89BD-4b04-88EB-625FBE52EBFB}</UniqueIdentifier>
      <Extensions>h;hh;hpp;hxx;hm;inl;inc;xsd</Extensions>
    </Filter>
    <Filter Include="Resource Files">
      <UniqueIdentifier>{67DA6AB6-F800-4c08-8B7A-83BB121AAD01}</UniqueIdentifier>
      <Extensions>rc;ico;cur;bmp;dlg;rc2;rct;bin;rgs;gif;jpg;jpeg;jpe;resx;tiff;tif;png;wav;mfcribbon-ms</Extensions>
    </Filter>
  </ItemGroup>
  <ItemGroup>
    <ClInclude Include="State.h">
      <Filter>Header Files</Filter>
    </ClInclude>
    <ClInclude Include="StateManager.h">
      <Filter>Header Files</Filter>
    </ClInclude>
    <ClInclude Include="MainMenuState.h">
      <Filter>Header Files</Filter>
    </ClInclude>
    <ClInclude Include="AdventureMenuState.h">
      <Filter>Header Files</Filter>
    </ClInclude>
    <ClInclude Include="GameplayState.h">
      <Filter>Header Files</Filter>
    </ClInclude>
    <ClInclude Include="LeaderboardState.h">
      <Filter>Header Files</Filter>
    </ClInclude>
    <ClInclude Include="AboutState.h">
      <Filter>Header Files</Filter>
    </ClInclude>
    <ClInclude Include="AddHighScoreState.h">
      <Filter>Header Files</Filter>
    </ClInclude>
    <ClInclude Include="HelpState.h">
      <Filter>Header Files</Filter>
    </ClInclude>
    <ClInclude Include="Item.h">
      <Filter>Header Files</Filter>
    </ClInclude>
    <ClInclude Include="ItemContainer.h">
      <Filter>Header Files</Filter>
    </ClInclude>
    <ClInclude Include="World.h">
      <Filter>Header Files</Filter>
    </ClInclude>
    <ClInclude Include="Parser.h">
      <Filter>Header Files</Filter>
    </ClInclude>
    <ClInclude Include="Adventure.h">
      <Filter>Header Files</Filter>
    </ClInclude>
    <ClInclude Include="Entity.h">
      <Filter>Header Files</Filter>
    </ClInclude>
    <ClInclude Include="Inventory.h">
      <Filter>Header Files</Filter>
    </ClInclude>
    <ClInclude Include="Command.h">
      <Filter>Header Files</Filter>
    </ClInclude>
    <ClInclude Include="CommandManager.h">
      <Filter>Header Files</Filter>
    </ClInclude>
    <ClInclude Include="CommandLook.h">
      <Filter>Header Files</Filter>
    </ClInclude>
    <ClInclude Include="Player.h">
      <Filter>Header Files</Filter>
    </ClInclude>
    <ClInclude Include="CommandMove.h">
      <Filter>Header Files</Filter>
    </ClInclude>
    <ClInclude Include="CommandTake.h">
      <Filter>Header Files</Filter>
    </ClInclude>
    <ClInclude Include="CommandInvalid.h">
      <Filter>Header Files</Filter>
    </ClInclude>
    <ClInclude Include="CommandPut.h">
      <Filter>Header Files</Filter>
    </ClInclude>
    <ClInclude Include="CommandQuit.h">
      <Filter>Header Files</Filter>
    </ClInclude>
    <ClInclude Include="CommandOpen.h">
      <Filter>Header Files</Filter>
    </ClInclude>
    <ClInclude Include="CommandClose.h">
      <Filter>Header Files</Filter>
    </ClInclude>
    <ClInclude Include="Message.h">
      <Filter>Header Files</Filter>
    </ClInclude>
    <ClInclude Include="MessageController.h">
      <Filter>Header Files</Filter>
    </ClInclude>
  </ItemGroup>
  <ItemGroup>
    <ClCompile Include="State.cpp">
      <Filter>Source Files</Filter>
    </ClCompile>
    <ClCompile Include="StateManager.cpp">
      <Filter>Source Files</Filter>
    </ClCompile>
    <ClCompile Include="MainMenuState.cpp">
      <Filter>Source Files</Filter>
    </ClCompile>
    <ClCompile Include="AdventureMenuState.cpp">
      <Filter>Source Files</Filter>
    </ClCompile>
    <ClCompile Include="GameplayState.cpp">
      <Filter>Source Files</Filter>
    </ClCompile>
    <ClCompile Include="Source.cpp">
      <Filter>Source Files</Filter>
    </ClCompile>
    <ClCompile Include="LeaderboardState.cpp">
      <Filter>Source Files</Filter>
    </ClCompile>
    <ClCompile Include="AboutState.cpp">
      <Filter>Source Files</Filter>
    </ClCompile>
    <ClCompile Include="AddHighScoreState.cpp">
      <Filter>Source Files</Filter>
    </ClCompile>
    <ClCompile Include="HelpState.cpp">
      <Filter>Source Files</Filter>
    </ClCompile>
    <ClCompile Include="Item.cpp">
      <Filter>Source Files</Filter>
    </ClCompile>
    <ClCompile Include="ItemContainer.cpp">
      <Filter>Source Files</Filter>
    </ClCompile>
    <ClCompile Include="World.cpp">
      <Filter>Source Files</Filter>
    </ClCompile>
    <ClCompile Include="Parser.cpp">
      <Filter>Source Files</Filter>
    </ClCompile>
    <ClCompile Include="Adventure.cpp">
      <Filter>Source Files</Filter>
    </ClCompile>
    <ClCompile Include="Entity.cpp">
      <Filter>Source Files</Filter>
    </ClCompile>
    <ClCompile Include="Inventory.cpp">
      <Filter>Source Files</Filter>
    </ClCompile>
    <ClCompile Include="Command.cpp">
      <Filter>Source Files</Filter>
    </ClCompile>
    <ClCompile Include="CommandManager.cpp">
      <Filter>Source Files</Filter>
    </ClCompile>
    <ClCompile Include="CommandLook.cpp">
      <Filter>Source Files</Filter>
    </ClCompile>
    <ClCompile Include="Player.cpp">
      <Filter>Source Files</Filter>
    </ClCompile>
    <ClCompile Include="CommandMove.cpp">
      <Filter>Source Files</Filter>
    </ClCompile>
    <ClCompile Include="CommandTake.cpp">
      <Filter>Source Files</Filter>
    </ClCompile>
    <ClCompile Include="CommandInvalid.cpp">
      <Filter>Source Files</Filter>
    </ClCompile>
    <ClCompile Include="CommandPut.cpp">
      <Filter>Source Files</Filter>
    </ClCompile>
    <ClCompile Include="CommandQuit.cpp">
      <Filter>Source Files</Filter>
    </ClCompile>
    <ClCompile Include="CommandOpen.cpp">
      <Filter>Source Files</Filter>
    </ClCompile>
    <ClCompile Include="CommandClose.cpp">
      <Filter>Source Files</Filter>
    </ClCompile>
    <ClCompile Include="MessageController.cpp">
      <Filter>Source Files</Filter>
    </ClCompile>
  </ItemGroup>
</Project>